// !$*UTF8*$!
{
	archiveVersion = 1;
	classes = {
	};
	objectVersion = 56;
	objects = {

/* Begin PBXBuildFile section */
		A62288AC2ADFBBA300A4ABEE /* planner.swift in Sources */ = {isa = PBXBuildFile; fileRef = A62288AB2ADFBBA300A4ABEE /* planner.swift */; };
		A62288AE2ADFBC4D00A4ABEE /* Sessioner.swift in Sources */ = {isa = PBXBuildFile; fileRef = A62288AD2ADFBC4D00A4ABEE /* Sessioner.swift */; };
		A67857022ADEB82F00A9C476 /* gSwitch.swift in Sources */ = {isa = PBXBuildFile; fileRef = A67857012ADEB82F00A9C476 /* gSwitch.swift */; };
		A67857042ADEBD1200A9C476 /* albums.swift in Sources */ = {isa = PBXBuildFile; fileRef = A67857032ADEBD1200A9C476 /* albums.swift */; };
		A69CEE482ADAB8AF00CAECB6 /* ThreeDots.swift in Sources */ = {isa = PBXBuildFile; fileRef = A69CEE472ADAB8AF00CAECB6 /* ThreeDots.swift */; };
		A69CEE4A2ADABDBA00CAECB6 /* profileview.swift in Sources */ = {isa = PBXBuildFile; fileRef = A69CEE492ADABDBA00CAECB6 /* profileview.swift */; };
		A69CEE4C2ADAD0D000CAECB6 /* MemoryView.swift in Sources */ = {isa = PBXBuildFile; fileRef = A69CEE4B2ADAD0D000CAECB6 /* MemoryView.swift */; };
		A6BF21652AEA48DF00EB3F60 /* github.swift in Sources */ = {isa = PBXBuildFile; fileRef = A6BF21642AEA48DF00EB3F60 /* github.swift */; };
		A6F6B77B2AD978E700C08138 /* Fugg_MEApp.swift in Sources */ = {isa = PBXBuildFile; fileRef = A6F6B77A2AD978E700C08138 /* Fugg_MEApp.swift */; };
		A6F6B77D2AD978E700C08138 /* ContentView.swift in Sources */ = {isa = PBXBuildFile; fileRef = A6F6B77C2AD978E700C08138 /* ContentView.swift */; };
		A6F6B77F2AD978E700C08138 /* Item.swift in Sources */ = {isa = PBXBuildFile; fileRef = A6F6B77E2AD978E700C08138 /* Item.swift */; };
		A6F6B7812AD978E700C08138 /* Assets.xcassets in Resources */ = {isa = PBXBuildFile; fileRef = A6F6B7802AD978E700C08138 /* Assets.xcassets */; };
		A6F6B7902AD978E700C08138 /* Fugg_METests.swift in Sources */ = {isa = PBXBuildFile; fileRef = A6F6B78F2AD978E700C08138 /* Fugg_METests.swift */; };
		A6F6B79A2AD978E800C08138 /* Fugg_MEUITests.swift in Sources */ = {isa = PBXBuildFile; fileRef = A6F6B7992AD978E800C08138 /* Fugg_MEUITests.swift */; };
		A6F6B79C2AD978E800C08138 /* Fugg_MEUITestsLaunchTests.swift in Sources */ = {isa = PBXBuildFile; fileRef = A6F6B79B2AD978E800C08138 /* Fugg_MEUITestsLaunchTests.swift */; };
		A6F6B7AC2AD97A4D00C08138 /* feed.swift in Sources */ = {isa = PBXBuildFile; fileRef = A6F6B7AB2AD97A4D00C08138 /* feed.swift */; };
		A6F6B7AE2AD9879400C08138 /* feedCell.swift in Sources */ = {isa = PBXBuildFile; fileRef = A6F6B7AD2AD9879400C08138 /* feedCell.swift */; };
/* End PBXBuildFile section */

/* Begin PBXContainerItemProxy section */
		A6F6B78C2AD978E700C08138 /* PBXContainerItemProxy */ = {
			isa = PBXContainerItemProxy;
			containerPortal = A6F6B76F2AD978E700C08138 /* Project object */;
			proxyType = 1;
			remoteGlobalIDString = A6F6B7762AD978E700C08138;
			remoteInfo = "Fugg*ME";
		};
		A6F6B7962AD978E800C08138 /* PBXContainerItemProxy */ = {
			isa = PBXContainerItemProxy;
			containerPortal = A6F6B76F2AD978E700C08138 /* Project object */;
			proxyType = 1;
			remoteGlobalIDString = A6F6B7762AD978E700C08138;
			remoteInfo = "Fugg*ME";
		};
/* End PBXContainerItemProxy section */

/* Begin PBXFileReference section */
		A62288AB2ADFBBA300A4ABEE /* planner.swift */ = {isa = PBXFileReference; lastKnownFileType = sourcecode.swift; path = planner.swift; sourceTree = "<group>"; };
		A62288AD2ADFBC4D00A4ABEE /* Sessioner.swift */ = {isa = PBXFileReference; lastKnownFileType = sourcecode.swift; path = Sessioner.swift; sourceTree = "<group>"; };
		A67857012ADEB82F00A9C476 /* gSwitch.swift */ = {isa = PBXFileReference; lastKnownFileType = sourcecode.swift; path = gSwitch.swift; sourceTree = "<group>"; };
		A67857032ADEBD1200A9C476 /* albums.swift */ = {isa = PBXFileReference; lastKnownFileType = sourcecode.swift; path = albums.swift; sourceTree = "<group>"; };
		A69CEE472ADAB8AF00CAECB6 /* ThreeDots.swift */ = {isa = PBXFileReference; lastKnownFileType = sourcecode.swift; path = ThreeDots.swift; sourceTree = "<group>"; };
		A69CEE492ADABDBA00CAECB6 /* profileview.swift */ = {isa = PBXFileReference; lastKnownFileType = sourcecode.swift; path = profileview.swift; sourceTree = "<group>"; };
		A69CEE4B2ADAD0D000CAECB6 /* MemoryView.swift */ = {isa = PBXFileReference; lastKnownFileType = sourcecode.swift; path = MemoryView.swift; sourceTree = "<group>"; };
		A6BF21642AEA48DF00EB3F60 /* github.swift */ = {isa = PBXFileReference; lastKnownFileType = sourcecode.swift; path = github.swift; sourceTree = "<group>"; };
		A6F6B7772AD978E700C08138 /* Fugg*ME.app */ = {isa = PBXFileReference; explicitFileType = wrapper.application; includeInIndex = 0; path = "Fugg*ME.app"; sourceTree = BUILT_PRODUCTS_DIR; };
		A6F6B77A2AD978E700C08138 /* Fugg_MEApp.swift */ = {isa = PBXFileReference; lastKnownFileType = sourcecode.swift; path = Fugg_MEApp.swift; sourceTree = "<group>"; };
		A6F6B77C2AD978E700C08138 /* ContentView.swift */ = {isa = PBXFileReference; lastKnownFileType = sourcecode.swift; path = ContentView.swift; sourceTree = "<group>"; };
		A6F6B77E2AD978E700C08138 /* Item.swift */ = {isa = PBXFileReference; lastKnownFileType = sourcecode.swift; path = Item.swift; sourceTree = "<group>"; };
		A6F6B7802AD978E700C08138 /* Assets.xcassets */ = {isa = PBXFileReference; lastKnownFileType = folder.assetcatalog; name = Assets.xcassets; path = "Fugg*ME/Assets.xcassets"; sourceTree = SOURCE_ROOT; };
		A6F6B7852AD978E700C08138 /* Fugg_ME.entitlements */ = {isa = PBXFileReference; lastKnownFileType = text.plist.entitlements; path = Fugg_ME.entitlements; sourceTree = "<group>"; };
		A6F6B7862AD978E700C08138 /* Info.plist */ = {isa = PBXFileReference; lastKnownFileType = text.plist.xml; path = Info.plist; sourceTree = "<group>"; };
		A6F6B78B2AD978E700C08138 /* Fugg*METests.xctest */ = {isa = PBXFileReference; explicitFileType = wrapper.cfbundle; includeInIndex = 0; path = "Fugg*METests.xctest"; sourceTree = BUILT_PRODUCTS_DIR; };
		A6F6B78F2AD978E700C08138 /* Fugg_METests.swift */ = {isa = PBXFileReference; lastKnownFileType = sourcecode.swift; path = Fugg_METests.swift; sourceTree = "<group>"; };
		A6F6B7952AD978E800C08138 /* Fugg*MEUITests.xctest */ = {isa = PBXFileReference; explicitFileType = wrapper.cfbundle; includeInIndex = 0; path = "Fugg*MEUITests.xctest"; sourceTree = BUILT_PRODUCTS_DIR; };
		A6F6B7992AD978E800C08138 /* Fugg_MEUITests.swift */ = {isa = PBXFileReference; lastKnownFileType = sourcecode.swift; path = Fugg_MEUITests.swift; sourceTree = "<group>"; };
		A6F6B79B2AD978E800C08138 /* Fugg_MEUITestsLaunchTests.swift */ = {isa = PBXFileReference; lastKnownFileType = sourcecode.swift; path = Fugg_MEUITestsLaunchTests.swift; sourceTree = "<group>"; };
		A6F6B7AB2AD97A4D00C08138 /* feed.swift */ = {isa = PBXFileReference; lastKnownFileType = sourcecode.swift; path = feed.swift; sourceTree = "<group>"; };
		A6F6B7AD2AD9879400C08138 /* feedCell.swift */ = {isa = PBXFileReference; lastKnownFileType = sourcecode.swift; path = feedCell.swift; sourceTree = "<group>"; };
/* End PBXFileReference section */

/* Begin PBXFrameworksBuildPhase section */
		A6F6B7742AD978E700C08138 /* Frameworks */ = {
			isa = PBXFrameworksBuildPhase;
			buildActionMask = 2147483647;
			files = (
			);
			runOnlyForDeploymentPostprocessing = 0;
		};
		A6F6B7882AD978E700C08138 /* Frameworks */ = {
			isa = PBXFrameworksBuildPhase;
			buildActionMask = 2147483647;
			files = (
			);
			runOnlyForDeploymentPostprocessing = 0;
		};
		A6F6B7922AD978E800C08138 /* Frameworks */ = {
			isa = PBXFrameworksBuildPhase;
			buildActionMask = 2147483647;
			files = (
			);
			runOnlyForDeploymentPostprocessing = 0;
		};
/* End PBXFrameworksBuildPhase section */

/* Begin PBXGroup section */
		A6F6B76E2AD978E700C08138 = {
			isa = PBXGroup;
			children = (
				A6F6B7792AD978E700C08138 /* Fugg*ME */,
				A6F6B78E2AD978E700C08138 /* Fugg*METests */,
				A6F6B7982AD978E800C08138 /* Fugg*MEUITests */,
				A6F6B7782AD978E700C08138 /* Products */,
			);
			sourceTree = "<group>";
		};
		A6F6B7782AD978E700C08138 /* Products */ = {
			isa = PBXGroup;
			children = (
				A6F6B7772AD978E700C08138 /* Fugg*ME.app */,
				A6F6B78B2AD978E700C08138 /* Fugg*METests.xctest */,
				A6F6B7952AD978E800C08138 /* Fugg*MEUITests.xctest */,
			);
			name = Products;
			sourceTree = "<group>";
		};
		A6F6B7792AD978E700C08138 /* Fugg*ME */ = {
			isa = PBXGroup;
			children = (
				A69CEE472ADAB8AF00CAECB6 /* ThreeDots.swift */,
				A6F6B77A2AD978E700C08138 /* Fugg_MEApp.swift */,
				A69CEE4B2ADAD0D000CAECB6 /* MemoryView.swift */,
				A67857012ADEB82F00A9C476 /* gSwitch.swift */,
				A62288AD2ADFBC4D00A4ABEE /* Sessioner.swift */,
				A6F6B7AB2AD97A4D00C08138 /* feed.swift */,
				A69CEE492ADABDBA00CAECB6 /* profileview.swift */,
				A67857032ADEBD1200A9C476 /* albums.swift */,
				A62288AB2ADFBBA300A4ABEE /* planner.swift */,
				A6BF21642AEA48DF00EB3F60 /* github.swift */,
				A6F6B7AD2AD9879400C08138 /* feedCell.swift */,
				A6F6B77C2AD978E700C08138 /* ContentView.swift */,
				A6F6B77E2AD978E700C08138 /* Item.swift */,
				A6F6B7802AD978E700C08138 /* Assets.xcassets */,
				A6F6B7852AD978E700C08138 /* Fugg_ME.entitlements */,
				A6F6B7862AD978E700C08138 /* Info.plist */,
			);
			path = "Fugg*ME";
			sourceTree = "<group>";
		};
		A6F6B78E2AD978E700C08138 /* Fugg*METests */ = {
			isa = PBXGroup;
			children = (
				A6F6B78F2AD978E700C08138 /* Fugg_METests.swift */,
			);
			path = "Fugg*METests";
			sourceTree = "<group>";
		};
		A6F6B7982AD978E800C08138 /* Fugg*MEUITests */ = {
			isa = PBXGroup;
			children = (
				A6F6B7992AD978E800C08138 /* Fugg_MEUITests.swift */,
				A6F6B79B2AD978E800C08138 /* Fugg_MEUITestsLaunchTests.swift */,
			);
			path = "Fugg*MEUITests";
			sourceTree = "<group>";
		};
/* End PBXGroup section */

/* Begin PBXNativeTarget section */
		A6F6B7762AD978E700C08138 /* Fugg*ME */ = {
			isa = PBXNativeTarget;
			buildConfigurationList = A6F6B79F2AD978E800C08138 /* Build configuration list for PBXNativeTarget "Fugg*ME" */;
			buildPhases = (
				A6F6B7732AD978E700C08138 /* Sources */,
				A6F6B7742AD978E700C08138 /* Frameworks */,
				A6F6B7752AD978E700C08138 /* Resources */,
			);
			buildRules = (
			);
			dependencies = (
			);
			name = "Fugg*ME";
			productName = "Fugg*ME";
			productReference = A6F6B7772AD978E700C08138 /* Fugg*ME.app */;
			productType = "com.apple.product-type.application";
		};
		A6F6B78A2AD978E700C08138 /* Fugg*METests */ = {
			isa = PBXNativeTarget;
			buildConfigurationList = A6F6B7A22AD978E800C08138 /* Build configuration list for PBXNativeTarget "Fugg*METests" */;
			buildPhases = (
				A6F6B7872AD978E700C08138 /* Sources */,
				A6F6B7882AD978E700C08138 /* Frameworks */,
				A6F6B7892AD978E700C08138 /* Resources */,
			);
			buildRules = (
			);
			dependencies = (
				A6F6B78D2AD978E700C08138 /* PBXTargetDependency */,
			);
			name = "Fugg*METests";
			productName = "Fugg*METests";
			productReference = A6F6B78B2AD978E700C08138 /* Fugg*METests.xctest */;
			productType = "com.apple.product-type.bundle.unit-test";
		};
		A6F6B7942AD978E800C08138 /* Fugg*MEUITests */ = {
			isa = PBXNativeTarget;
			buildConfigurationList = A6F6B7A52AD978E800C08138 /* Build configuration list for PBXNativeTarget "Fugg*MEUITests" */;
			buildPhases = (
				A6F6B7912AD978E800C08138 /* Sources */,
				A6F6B7922AD978E800C08138 /* Frameworks */,
				A6F6B7932AD978E800C08138 /* Resources */,
			);
			buildRules = (
			);
			dependencies = (
				A6F6B7972AD978E800C08138 /* PBXTargetDependency */,
			);
			name = "Fugg*MEUITests";
			productName = "Fugg*MEUITests";
			productReference = A6F6B7952AD978E800C08138 /* Fugg*MEUITests.xctest */;
			productType = "com.apple.product-type.bundle.ui-testing";
		};
/* End PBXNativeTarget section */

/* Begin PBXProject section */
		A6F6B76F2AD978E700C08138 /* Project object */ = {
			isa = PBXProject;
			attributes = {
				BuildIndependentTargetsInParallel = 1;
				LastSwiftUpdateCheck = 1500;
				LastUpgradeCheck = 1500;
				TargetAttributes = {
					A6F6B7762AD978E700C08138 = {
						CreatedOnToolsVersion = 15.0;
					};
					A6F6B78A2AD978E700C08138 = {
						CreatedOnToolsVersion = 15.0;
						TestTargetID = A6F6B7762AD978E700C08138;
					};
					A6F6B7942AD978E800C08138 = {
						CreatedOnToolsVersion = 15.0;
						TestTargetID = A6F6B7762AD978E700C08138;
					};
				};
			};
			buildConfigurationList = A6F6B7722AD978E700C08138 /* Build configuration list for PBXProject "Fugg*ME" */;
			compatibilityVersion = "Xcode 14.0";
			developmentRegion = en;
			hasScannedForEncodings = 0;
			knownRegions = (
				en,
				Base,
			);
			mainGroup = A6F6B76E2AD978E700C08138;
			productRefGroup = A6F6B7782AD978E700C08138 /* Products */;
			projectDirPath = "";
			projectRoot = "";
			targets = (
				A6F6B7762AD978E700C08138 /* Fugg*ME */,
				A6F6B78A2AD978E700C08138 /* Fugg*METests */,
				A6F6B7942AD978E800C08138 /* Fugg*MEUITests */,
			);
		};
/* End PBXProject section */

/* Begin PBXResourcesBuildPhase section */
		A6F6B7752AD978E700C08138 /* Resources */ = {
			isa = PBXResourcesBuildPhase;
			buildActionMask = 2147483647;
			files = (
				A6F6B7812AD978E700C08138 /* Assets.xcassets in Resources */,
			);
			runOnlyForDeploymentPostprocessing = 0;
		};
		A6F6B7892AD978E700C08138 /* Resources */ = {
			isa = PBXResourcesBuildPhase;
			buildActionMask = 2147483647;
			files = (
			);
			runOnlyForDeploymentPostprocessing = 0;
		};
		A6F6B7932AD978E800C08138 /* Resources */ = {
			isa = PBXResourcesBuildPhase;
			buildActionMask = 2147483647;
			files = (
			);
			runOnlyForDeploymentPostprocessing = 0;
		};
/* End PBXResourcesBuildPhase section */

/* Begin PBXSourcesBuildPhase section */
		A6F6B7732AD978E700C08138 /* Sources */ = {
			isa = PBXSourcesBuildPhase;
			buildActionMask = 2147483647;
			files = (
				A6F6B77D2AD978E700C08138 /* ContentView.swift in Sources */,
				A62288AE2ADFBC4D00A4ABEE /* Sessioner.swift in Sources */,
				A6BF21652AEA48DF00EB3F60 /* github.swift in Sources */,
				A67857042ADEBD1200A9C476 /* albums.swift in Sources */,
				A67857022ADEB82F00A9C476 /* gSwitch.swift in Sources */,
				A69CEE482ADAB8AF00CAECB6 /* ThreeDots.swift in Sources */,
				A6F6B7AE2AD9879400C08138 /* feedCell.swift in Sources */,
				A6F6B7AC2AD97A4D00C08138 /* feed.swift in Sources */,
				A6F6B77F2AD978E700C08138 /* Item.swift in Sources */,
				A69CEE4A2ADABDBA00CAECB6 /* profileview.swift in Sources */,
				A6F6B77B2AD978E700C08138 /* Fugg_MEApp.swift in Sources */,
				A69CEE4C2ADAD0D000CAECB6 /* MemoryView.swift in Sources */,
				A62288AC2ADFBBA300A4ABEE /* planner.swift in Sources */,
			);
			runOnlyForDeploymentPostprocessing = 0;
		};
		A6F6B7872AD978E700C08138 /* Sources */ = {
			isa = PBXSourcesBuildPhase;
			buildActionMask = 2147483647;
			files = (
				A6F6B7902AD978E700C08138 /* Fugg_METests.swift in Sources */,
			);
			runOnlyForDeploymentPostprocessing = 0;
		};
		A6F6B7912AD978E800C08138 /* Sources */ = {
			isa = PBXSourcesBuildPhase;
			buildActionMask = 2147483647;
			files = (
				A6F6B79A2AD978E800C08138 /* Fugg_MEUITests.swift in Sources */,
				A6F6B79C2AD978E800C08138 /* Fugg_MEUITestsLaunchTests.swift in Sources */,
			);
			runOnlyForDeploymentPostprocessing = 0;
		};
/* End PBXSourcesBuildPhase section */

/* Begin PBXTargetDependency section */
		A6F6B78D2AD978E700C08138 /* PBXTargetDependency */ = {
			isa = PBXTargetDependency;
			target = A6F6B7762AD978E700C08138 /* Fugg*ME */;
			targetProxy = A6F6B78C2AD978E700C08138 /* PBXContainerItemProxy */;
		};
		A6F6B7972AD978E800C08138 /* PBXTargetDependency */ = {
			isa = PBXTargetDependency;
			target = A6F6B7762AD978E700C08138 /* Fugg*ME */;
			targetProxy = A6F6B7962AD978E800C08138 /* PBXContainerItemProxy */;
		};
/* End PBXTargetDependency section */

/* Begin XCBuildConfiguration section */
		A6F6B79D2AD978E800C08138 /* Debug */ = {
			isa = XCBuildConfiguration;
			buildSettings = {
				ALWAYS_SEARCH_USER_PATHS = NO;
				ASSETCATALOG_COMPILER_GENERATE_SWIFT_ASSET_SYMBOL_EXTENSIONS = YES;
				CLANG_ANALYZER_NONNULL = YES;
				CLANG_ANALYZER_NUMBER_OBJECT_CONVERSION = YES_AGGRESSIVE;
				CLANG_CXX_LANGUAGE_STANDARD = "gnu++20";
				CLANG_ENABLE_MODULES = YES;
				CLANG_ENABLE_OBJC_ARC = YES;
				CLANG_ENABLE_OBJC_WEAK = YES;
				CLANG_WARN_BLOCK_CAPTURE_AUTORELEASING = YES;
				CLANG_WARN_BOOL_CONVERSION = YES;
				CLANG_WARN_COMMA = YES;
				CLANG_WARN_CONSTANT_CONVERSION = YES;
				CLANG_WARN_DEPRECATED_OBJC_IMPLEMENTATIONS = YES;
				CLANG_WARN_DIRECT_OBJC_ISA_USAGE = YES_ERROR;
				CLANG_WARN_DOCUMENTATION_COMMENTS = YES;
				CLANG_WARN_EMPTY_BODY = YES;
				CLANG_WARN_ENUM_CONVERSION = YES;
				CLANG_WARN_INFINITE_RECURSION = YES;
				CLANG_WARN_INT_CONVERSION = YES;
				CLANG_WARN_NON_LITERAL_NULL_CONVERSION = YES;
				CLANG_WARN_OBJC_IMPLICIT_RETAIN_SELF = YES;
				CLANG_WARN_OBJC_LITERAL_CONVERSION = YES;
				CLANG_WARN_OBJC_ROOT_CLASS = YES_ERROR;
				CLANG_WARN_QUOTED_INCLUDE_IN_FRAMEWORK_HEADER = YES;
				CLANG_WARN_RANGE_LOOP_ANALYSIS = YES;
				CLANG_WARN_STRICT_PROTOTYPES = YES;
				CLANG_WARN_SUSPICIOUS_MOVE = YES;
				CLANG_WARN_UNGUARDED_AVAILABILITY = YES_AGGRESSIVE;
				CLANG_WARN_UNREACHABLE_CODE = YES;
				CLANG_WARN__DUPLICATE_METHOD_MATCH = YES;
				COPY_PHASE_STRIP = NO;
				DEBUG_INFORMATION_FORMAT = dwarf;
				ENABLE_STRICT_OBJC_MSGSEND = YES;
				ENABLE_TESTABILITY = YES;
				ENABLE_USER_SCRIPT_SANDBOXING = YES;
				GCC_C_LANGUAGE_STANDARD = gnu17;
				GCC_DYNAMIC_NO_PIC = NO;
				GCC_NO_COMMON_BLOCKS = YES;
				GCC_OPTIMIZATION_LEVEL = 0;
				GCC_PREPROCESSOR_DEFINITIONS = (
					"DEBUG=1",
					"$(inherited)",
				);
				GCC_WARN_64_TO_32_BIT_CONVERSION = YES;
				GCC_WARN_ABOUT_RETURN_TYPE = YES_ERROR;
				GCC_WARN_UNDECLARED_SELECTOR = YES;
				GCC_WARN_UNINITIALIZED_AUTOS = YES_AGGRESSIVE;
				GCC_WARN_UNUSED_FUNCTION = YES;
				GCC_WARN_UNUSED_VARIABLE = YES;
				IPHONEOS_DEPLOYMENT_TARGET = 17.0;
				LOCALIZATION_PREFERS_STRING_CATALOGS = YES;
				MTL_ENABLE_DEBUG_INFO = INCLUDE_SOURCE;
				MTL_FAST_MATH = YES;
				ONLY_ACTIVE_ARCH = YES;
				SDKROOT = iphoneos;
				SWIFT_ACTIVE_COMPILATION_CONDITIONS = "DEBUG $(inherited)";
				SWIFT_OPTIMIZATION_LEVEL = "-Onone";
			};
			name = Debug;
		};
		A6F6B79E2AD978E800C08138 /* Release */ = {
			isa = XCBuildConfiguration;
			buildSettings = {
				ALWAYS_SEARCH_USER_PATHS = NO;
				ASSETCATALOG_COMPILER_GENERATE_SWIFT_ASSET_SYMBOL_EXTENSIONS = YES;
				CLANG_ANALYZER_NONNULL = YES;
				CLANG_ANALYZER_NUMBER_OBJECT_CONVERSION = YES_AGGRESSIVE;
				CLANG_CXX_LANGUAGE_STANDARD = "gnu++20";
				CLANG_ENABLE_MODULES = YES;
				CLANG_ENABLE_OBJC_ARC = YES;
				CLANG_ENABLE_OBJC_WEAK = YES;
				CLANG_WARN_BLOCK_CAPTURE_AUTORELEASING = YES;
				CLANG_WARN_BOOL_CONVERSION = YES;
				CLANG_WARN_COMMA = YES;
				CLANG_WARN_CONSTANT_CONVERSION = YES;
				CLANG_WARN_DEPRECATED_OBJC_IMPLEMENTATIONS = YES;
				CLANG_WARN_DIRECT_OBJC_ISA_USAGE = YES_ERROR;
				CLANG_WARN_DOCUMENTATION_COMMENTS = YES;
				CLANG_WARN_EMPTY_BODY = YES;
				CLANG_WARN_ENUM_CONVERSION = YES;
				CLANG_WARN_INFINITE_RECURSION = YES;
				CLANG_WARN_INT_CONVERSION = YES;
				CLANG_WARN_NON_LITERAL_NULL_CONVERSION = YES;
				CLANG_WARN_OBJC_IMPLICIT_RETAIN_SELF = YES;
				CLANG_WARN_OBJC_LITERAL_CONVERSION = YES;
				CLANG_WARN_OBJC_ROOT_CLASS = YES_ERROR;
				CLANG_WARN_QUOTED_INCLUDE_IN_FRAMEWORK_HEADER = YES;
				CLANG_WARN_RANGE_LOOP_ANALYSIS = YES;
				CLANG_WARN_STRICT_PROTOTYPES = YES;
				CLANG_WARN_SUSPICIOUS_MOVE = YES;
				CLANG_WARN_UNGUARDED_AVAILABILITY = YES_AGGRESSIVE;
				CLANG_WARN_UNREACHABLE_CODE = YES;
				CLANG_WARN__DUPLICATE_METHOD_MATCH = YES;
				COPY_PHASE_STRIP = NO;
				DEBUG_INFORMATION_FORMAT = "dwarf-with-dsym";
				ENABLE_NS_ASSERTIONS = NO;
				ENABLE_STRICT_OBJC_MSGSEND = YES;
				ENABLE_USER_SCRIPT_SANDBOXING = YES;
				GCC_C_LANGUAGE_STANDARD = gnu17;
				GCC_NO_COMMON_BLOCKS = YES;
				GCC_WARN_64_TO_32_BIT_CONVERSION = YES;
				GCC_WARN_ABOUT_RETURN_TYPE = YES_ERROR;
				GCC_WARN_UNDECLARED_SELECTOR = YES;
				GCC_WARN_UNINITIALIZED_AUTOS = YES_AGGRESSIVE;
				GCC_WARN_UNUSED_FUNCTION = YES;
				GCC_WARN_UNUSED_VARIABLE = YES;
				IPHONEOS_DEPLOYMENT_TARGET = 17.0;
				LOCALIZATION_PREFERS_STRING_CATALOGS = YES;
				MTL_ENABLE_DEBUG_INFO = NO;
				MTL_FAST_MATH = YES;
				SDKROOT = iphoneos;
				SWIFT_COMPILATION_MODE = wholemodule;
				VALIDATE_PRODUCT = YES;
			};
			name = Release;
		};
		A6F6B7A02AD978E800C08138 /* Debug */ = {
			isa = XCBuildConfiguration;
			buildSettings = {
				ASSETCATALOG_COMPILER_APPICON_NAME = AppIcon;
				ASSETCATALOG_COMPILER_GLOBAL_ACCENT_COLOR_NAME = AccentColor;
				CODE_SIGN_ENTITLEMENTS = "Fugg*ME/Fugg_ME.entitlements";
				CODE_SIGN_STYLE = Automatic;
				CURRENT_PROJECT_VERSION = 1;
				DEVELOPMENT_ASSET_PATHS = "\"Fugg*ME/Preview Content\"";
				DEVELOPMENT_TEAM = 4Z4N25Q9U4;
				ENABLE_PREVIEWS = YES;
				GENERATE_INFOPLIST_FILE = YES;
				INFOPLIST_FILE = "Fugg*ME/Info.plist";
				INFOPLIST_KEY_UIApplicationSceneManifest_Generation = YES;
				INFOPLIST_KEY_UIApplicationSupportsIndirectInputEvents = YES;
				INFOPLIST_KEY_UILaunchScreen_Generation = YES;
				INFOPLIST_KEY_UISupportedInterfaceOrientations_iPad = "UIInterfaceOrientationPortrait UIInterfaceOrientationPortraitUpsideDown UIInterfaceOrientationLandscapeLeft UIInterfaceOrientationLandscapeRight";
				INFOPLIST_KEY_UISupportedInterfaceOrientations_iPhone = "UIInterfaceOrientationPortrait UIInterfaceOrientationLandscapeLeft UIInterfaceOrientationLandscapeRight";
				LD_RUNPATH_SEARCH_PATHS = (
					"$(inherited)",
					"@executable_path/Frameworks",
				);
				MARKETING_VERSION = 1.0;
				PRODUCT_BUNDLE_IDENTIFIER = "com.gani-23.Fugg-ME";
				PRODUCT_NAME = "$(TARGET_NAME)";
				SWIFT_EMIT_LOC_STRINGS = YES;
				SWIFT_VERSION = 5.0;
				TARGETED_DEVICE_FAMILY = "1,2";
			};
			name = Debug;
		};
		A6F6B7A12AD978E800C08138 /* Release */ = {
			isa = XCBuildConfiguration;
			buildSettings = {
				ASSETCATALOG_COMPILER_APPICON_NAME = AppIcon;
				ASSETCATALOG_COMPILER_GLOBAL_ACCENT_COLOR_NAME = AccentColor;
				CODE_SIGN_ENTITLEMENTS = "Fugg*ME/Fugg_ME.entitlements";
				CODE_SIGN_STYLE = Automatic;
				CURRENT_PROJECT_VERSION = 1;
				DEVELOPMENT_ASSET_PATHS = "\"Fugg*ME/Preview Content\"";
				DEVELOPMENT_TEAM = 4Z4N25Q9U4;
				ENABLE_PREVIEWS = YES;
				GENERATE_INFOPLIST_FILE = YES;
				INFOPLIST_FILE = "Fugg*ME/Info.plist";
				INFOPLIST_KEY_UIApplicationSceneManifest_Generation = YES;
				INFOPLIST_KEY_UIApplicationSupportsIndirectInputEvents = YES;
				INFOPLIST_KEY_UILaunchScreen_Generation = YES;
				INFOPLIST_KEY_UISupportedInterfaceOrientations_iPad = "UIInterfaceOrientationPortrait UIInterfaceOrientationPortraitUpsideDown UIInterfaceOrientationLandscapeLeft UIInterfaceOrientationLandscapeRight";
				INFOPLIST_KEY_UISupportedInterfaceOrientations_iPhone = "UIInterfaceOrientationPortrait UIInterfaceOrientationLandscapeLeft UIInterfaceOrientationLandscapeRight";
				LD_RUNPATH_SEARCH_PATHS = (
					"$(inherited)",
					"@executable_path/Frameworks",
				);
				MARKETING_VERSION = 1.0;
				PRODUCT_BUNDLE_IDENTIFIER = "com.gani-23.Fugg-ME";
				PRODUCT_NAME = "$(TARGET_NAME)";
				SWIFT_EMIT_LOC_STRINGS = YES;
				SWIFT_VERSION = 5.0;
				TARGETED_DEVICE_FAMILY = "1,2";
			};
			name = Release;
		};
		A6F6B7A32AD978E800C08138 /* Debug */ = {
			isa = XCBuildConfiguration;
			buildSettings = {
				ALWAYS_EMBED_SWIFT_STANDARD_LIBRARIES = YES;
				BUNDLE_LOADER = "$(TEST_HOST)";
				CODE_SIGN_STYLE = Automatic;
				CURRENT_PROJECT_VERSION = 1;
				DEVELOPMENT_TEAM = 4Z4N25Q9U4;
				GENERATE_INFOPLIST_FILE = YES;
				IPHONEOS_DEPLOYMENT_TARGET = 17.0;
				MARKETING_VERSION = 1.0;
				PRODUCT_BUNDLE_IDENTIFIER = "com.gani-23.Fugg-METests";
				PRODUCT_NAME = "$(TARGET_NAME)";
				SWIFT_EMIT_LOC_STRINGS = NO;
				SWIFT_VERSION = 5.0;
				TARGETED_DEVICE_FAMILY = "1,2";
				TEST_HOST = "$(BUILT_PRODUCTS_DIR)/Fugg*ME.app/$(BUNDLE_EXECUTABLE_FOLDER_PATH)/Fugg*ME";
			};
			name = Debug;
		};
		A6F6B7A42AD978E800C08138 /* Release */ = {
			isa = XCBuildConfiguration;
			buildSettings = {
				ALWAYS_EMBED_SWIFT_STANDARD_LIBRARIES = YES;
				BUNDLE_LOADER = "$(TEST_HOST)";
				CODE_SIGN_STYLE = Automatic;
				CURRENT_PROJECT_VERSION = 1;
				DEVELOPMENT_TEAM = 4Z4N25Q9U4;
				GENERATE_INFOPLIST_FILE = YES;
				IPHONEOS_DEPLOYMENT_TARGET = 17.0;
				MARKETING_VERSION = 1.0;
				PRODUCT_BUNDLE_IDENTIFIER = "com.gani-23.Fugg-METests";
				PRODUCT_NAME = "$(TARGET_NAME)";
				SWIFT_EMIT_LOC_STRINGS = NO;
				SWIFT_VERSION = 5.0;
				TARGETED_DEVICE_FAMILY = "1,2";
				TEST_HOST = "$(BUILT_PRODUCTS_DIR)/Fugg*ME.app/$(BUNDLE_EXECUTABLE_FOLDER_PATH)/Fugg*ME";
			};
			name = Release;
		};
		A6F6B7A62AD978E800C08138 /* Debug */ = {
			isa = XCBuildConfiguration;
			buildSettings = {
				ALWAYS_EMBED_SWIFT_STANDARD_LIBRARIES = YES;
				CODE_SIGN_STYLE = Automatic;
				CURRENT_PROJECT_VERSION = 1;
				DEVELOPMENT_TEAM = 4Z4N25Q9U4;
				GENERATE_INFOPLIST_FILE = YES;
				MARKETING_VERSION = 1.0;
				PRODUCT_BUNDLE_IDENTIFIER = "com.gani-23.Fugg-MEUITests";
				PRODUCT_NAME = "$(TARGET_NAME)";
				SWIFT_EMIT_LOC_STRINGS = NO;
				SWIFT_VERSION = 5.0;
				TARGETED_DEVICE_FAMILY = "1,2";
				TEST_TARGET_NAME = "Fugg*ME";
			};
			name = Debug;
		};
		A6F6B7A72AD978E800C08138 /* Release */ = {
			isa = XCBuildConfiguration;
			buildSettings = {
				ALWAYS_EMBED_SWIFT_STANDARD_LIBRARIES = YES;
				CODE_SIGN_STYLE = Automatic;
				CURRENT_PROJECT_VERSION = 1;
				DEVELOPMENT_TEAM = 4Z4N25Q9U4;
				GENERATE_INFOPLIST_FILE = YES;
				MARKETING_VERSION = 1.0;
				PRODUCT_BUNDLE_IDENTIFIER = "com.gani-23.Fugg-MEUITests";
				PRODUCT_NAME = "$(TARGET_NAME)";
				SWIFT_EMIT_LOC_STRINGS = NO;
				SWIFT_VERSION = 5.0;
				TARGETED_DEVICE_FAMILY = "1,2";
				TEST_TARGET_NAME = "Fugg*ME";
			};
			name = Release;
		};
/* End XCBuildConfiguration section */

/* Begin XCConfigurationList section */
		A6F6B7722AD978E700C08138 /* Build configuration list for PBXProject "Fugg*ME" */ = {
			isa = XCConfigurationList;
			buildConfigurations = (
				A6F6B79D2AD978E800C08138 /* Debug */,
				A6F6B79E2AD978E800C08138 /* Release */,
			);
			defaultConfigurationIsVisible = 0;
			defaultConfigurationName = Release;
		};
		A6F6B79F2AD978E800C08138 /* Build configuration list for PBXNativeTarget "Fugg*ME" */ = {
			isa = XCConfigurationList;
			buildConfigurations = (
				A6F6B7A02AD978E800C08138 /* Debug */,
				A6F6B7A12AD978E800C08138 /* Release */,
			);
			defaultConfigurationIsVisible = 0;
			defaultConfigurationName = Release;
		};
		A6F6B7A22AD978E800C08138 /* Build configuration list for PBXNativeTarget "Fugg*METests" */ = {
			isa = XCConfigurationList;
			buildConfigurations = (
				A6F6B7A32AD978E800C08138 /* Debug */,
				A6F6B7A42AD978E800C08138 /* Release */,
			);
			defaultConfigurationIsVisible = 0;
			defaultConfigurationName = Release;
		};
		A6F6B7A52AD978E800C08138 /* Build configuration list for PBXNativeTarget "Fugg*MEUITests" */ = {
			isa = XCConfigurationList;
			buildConfigurations = (
				A6F6B7A62AD978E800C08138 /* Debug */,
				A6F6B7A72AD978E800C08138 /* Release */,
			);
			defaultConfigurationIsVisible = 0;
			defaultConfigurationName = Release;
		};
/* End XCConfigurationList section */
	};
	rootObject = A6F6B76F2AD978E700C08138 /* Project object */;
}
